
Microsoft Visual Studio Solution File, Format Version 12.00
# Visual Studio Version 17
VisualStudioVersion = 17.4.33213.308
MinimumVisualStudioVersion = 10.0.40219.1
Project("{FAE04EC0-301F-11D3-BF4B-00C04F79EFBC}") = "BankingSystem", "BankingSystem\BankingSystem.csproj", "{BCE67880-2C27-4395-BC7E-9B14F7114A3A}"
EndProject
Global
	GlobalSection(SolutionConfigurationPlatforms) = preSolution
		Debug|Any CPU = Debug|Any CPU
		Release|Any CPU = Release|Any CPU
	EndGlobalSection
	GlobalSection(ProjectConfigurationPlatforms) = postSolution
		{BCE67880-2C27-4395-BC7E-9B14F7114A3A}.Debug|Any CPU.ActiveCfg = Debug|Any CPU
		{BCE67880-2C27-4395-BC7E-9B14F7114A3A}.Debug|Any CPU.Build.0 = Debug|Any CPU
		{BCE67880-2C27-4395-BC7E-9B14F7114A3A}.Release|Any CPU.ActiveCfg = Release|Any CPU
		{BCE67880-2C27-4395-BC7E-9B14F7114A3A}.Release|Any CPU.Build.0 = Release|Any CPU
	EndGlobalSection
	GlobalSection(SolutionProperties) = preSolution
		HideSolutionNode = FALSE
	EndGlobalSection
	GlobalSection(ExtensibilityGlobals) = postSolution
		SolutionGuid = {EEA99C1E-9EDB-4DFE-84C4-9201A09DE85A}
	EndGlobalSection
EndGlobal
